
Microsoft Visual Studio Solution File, Format Version 12.00
# Visual Studio 15
VisualStudioVersion = 15.0.28307.1831
MinimumVisualStudioVersion = 10.0.40219.1
Project("{FAE04EC0-301F-11D3-BF4B-00C04F79EFBC}") = "Problem22", "Problem22\Problem22.csproj", "{715638D8-169E-4DD3-B614-9695E263C1AA}"
EndProject
Global
	GlobalSection(SolutionConfigurationPlatforms) = preSolution
		Debug|Any CPU = Debug|Any CPU
		Release|Any CPU = Release|Any CPU
	EndGlobalSection
	GlobalSection(ProjectConfigurationPlatforms) = postSolution
		{715638D8-169E-4DD3-B614-9695E263C1AA}.Debug|Any CPU.ActiveCfg = Debug|Any CPU
		{715638D8-169E-4DD3-B614-9695E263C1AA}.Debug|Any CPU.Build.0 = Debug|Any CPU
		{715638D8-169E-4DD3-B614-9695E263C1AA}.Release|Any CPU.ActiveCfg = Release|Any CPU
		{715638D8-169E-4DD3-B614-9695E263C1AA}.Release|Any CPU.Build.0 = Release|Any CPU
	EndGlobalSection
	GlobalSection(SolutionProperties) = preSolution
		HideSolutionNode = FALSE
	EndGlobalSection
	GlobalSection(ExtensibilityGlobals) = postSolution
		SolutionGuid = {F1317DC2-957B-4397-B95B-BEBD15E486DD}
	EndGlobalSection
EndGlobal
