
Microsoft Visual Studio Solution File, Format Version 12.00
# Visual Studio 15
VisualStudioVersion = 15.0.28307.1000
MinimumVisualStudioVersion = 10.0.40219.1
Project("{FAE04EC0-301F-11D3-BF4B-00C04F79EFBC}") = "Problem 3.2", "Problem 3.2\Problem 3.2.csproj", "{2BD046AD-B6BD-4259-8E46-FE1C74A7DB44}"
EndProject
Global
	GlobalSection(SolutionConfigurationPlatforms) = preSolution
		Debug|Any CPU = Debug|Any CPU
		Release|Any CPU = Release|Any CPU
	EndGlobalSection
	GlobalSection(ProjectConfigurationPlatforms) = postSolution
		{2BD046AD-B6BD-4259-8E46-FE1C74A7DB44}.Debug|Any CPU.ActiveCfg = Debug|Any CPU
		{2BD046AD-B6BD-4259-8E46-FE1C74A7DB44}.Debug|Any CPU.Build.0 = Debug|Any CPU
		{2BD046AD-B6BD-4259-8E46-FE1C74A7DB44}.Release|Any CPU.ActiveCfg = Release|Any CPU
		{2BD046AD-B6BD-4259-8E46-FE1C74A7DB44}.Release|Any CPU.Build.0 = Release|Any CPU
	EndGlobalSection
	GlobalSection(SolutionProperties) = preSolution
		HideSolutionNode = FALSE
	EndGlobalSection
	GlobalSection(ExtensibilityGlobals) = postSolution
		SolutionGuid = {A79E7098-75AB-447F-8533-264E64C395F8}
	EndGlobalSection
EndGlobal
