
Microsoft Visual Studio Solution File, Format Version 12.00
# Visual Studio 15
VisualStudioVersion = 15.0.28307.1000
MinimumVisualStudioVersion = 10.0.40219.1
Project("{FAE04EC0-301F-11D3-BF4B-00C04F79EFBC}") = "Problem 6", "Problem 6\Problem 6.csproj", "{3F1F49BF-6942-4259-8A2D-DEAB940F2725}"
EndProject
Global
	GlobalSection(SolutionConfigurationPlatforms) = preSolution
		Debug|Any CPU = Debug|Any CPU
		Release|Any CPU = Release|Any CPU
	EndGlobalSection
	GlobalSection(ProjectConfigurationPlatforms) = postSolution
		{3F1F49BF-6942-4259-8A2D-DEAB940F2725}.Debug|Any CPU.ActiveCfg = Debug|Any CPU
		{3F1F49BF-6942-4259-8A2D-DEAB940F2725}.Debug|Any CPU.Build.0 = Debug|Any CPU
		{3F1F49BF-6942-4259-8A2D-DEAB940F2725}.Release|Any CPU.ActiveCfg = Release|Any CPU
		{3F1F49BF-6942-4259-8A2D-DEAB940F2725}.Release|Any CPU.Build.0 = Release|Any CPU
	EndGlobalSection
	GlobalSection(SolutionProperties) = preSolution
		HideSolutionNode = FALSE
	EndGlobalSection
	GlobalSection(ExtensibilityGlobals) = postSolution
		SolutionGuid = {CF6AFBC7-57CC-440E-9E23-E47CD20A8BB9}
	EndGlobalSection
EndGlobal
